
Microsoft Visual Studio Solution File, Format Version 12.00
# Visual Studio Version 18
VisualStudioVersion = 18.3.11520.95 d18.3
MinimumVisualStudioVersion = 10.0.40219.1
Project("{FAE04EC0-301F-11D3-BF4B-00C04F79EFBC}") = "HAL-IMS-MVC", "HAL-IMS-MVC.csproj", "{CD769691-09E7-7302-3D78-5B0D3A6C2C9C}"
EndProject
Global
	GlobalSection(SolutionConfigurationPlatforms) = preSolution
		Debug|Any CPU = Debug|Any CPU
		Release|Any CPU = Release|Any CPU
	EndGlobalSection
	GlobalSection(ProjectConfigurationPlatforms) = postSolution
		{CD769691-09E7-7302-3D78-5B0D3A6C2C9C}.Debug|Any CPU.ActiveCfg = Debug|Any CPU
		{CD769691-09E7-7302-3D78-5B0D3A6C2C9C}.Debug|Any CPU.Build.0 = Debug|Any CPU
		{CD769691-09E7-7302-3D78-5B0D3A6C2C9C}.Release|Any CPU.ActiveCfg = Release|Any CPU
		{CD769691-09E7-7302-3D78-5B0D3A6C2C9C}.Release|Any CPU.Build.0 = Release|Any CPU
	EndGlobalSection
	GlobalSection(SolutionProperties) = preSolution
		HideSolutionNode = FALSE
	EndGlobalSection
	GlobalSection(ExtensibilityGlobals) = postSolution
		SolutionGuid = {FE78E377-7D14-40E5-AA58-35CA6A9C27D8}
	EndGlobalSection
EndGlobal
